
Microsoft Visual Studio Solution File, Format Version 12.00
# Visual Studio 15
VisualStudioVersion = 15.0.27004.2008
MinimumVisualStudioVersion = 10.0.40219.1
Project("{FAE04EC0-301F-11D3-BF4B-00C04F79EFBC}") = "1512252", "1512252\1512252.csproj", "{0260208D-B535-4C66-8D70-E4C8A30F17D8}"
EndProject
Global
	GlobalSection(SolutionConfigurationPlatforms) = preSolution
		Debug|Any CPU = Debug|Any CPU
		Release|Any CPU = Release|Any CPU
	EndGlobalSection
	GlobalSection(ProjectConfigurationPlatforms) = postSolution
		{0260208D-B535-4C66-8D70-E4C8A30F17D8}.Debug|Any CPU.ActiveCfg = Debug|Any CPU
		{0260208D-B535-4C66-8D70-E4C8A30F17D8}.Debug|Any CPU.Build.0 = Debug|Any CPU
		{0260208D-B535-4C66-8D70-E4C8A30F17D8}.Release|Any CPU.ActiveCfg = Release|Any CPU
		{0260208D-B535-4C66-8D70-E4C8A30F17D8}.Release|Any CPU.Build.0 = Release|Any CPU
	EndGlobalSection
	GlobalSection(SolutionProperties) = preSolution
		HideSolutionNode = FALSE
	EndGlobalSection
	GlobalSection(ExtensibilityGlobals) = postSolution
		SolutionGuid = {4DC8A14E-4BC2-4A32-9787-E246A14B2B8F}
	EndGlobalSection
EndGlobal
